
Microsoft Visual Studio Solution File, Format Version 12.00
# Visual Studio Version 16
VisualStudioVersion = 16.0.30011.22
MinimumVisualStudioVersion = 10.0.40219.1
Project("{9A19103F-16F7-4668-BE54-9A1E7A4F7556}") = "test", "test\test.csproj", "{F06029CA-20F7-4509-A1CF-B78080A3E25B}"
EndProject
Project("{FAE04EC0-301F-11D3-BF4B-00C04F79EFBC}") = "NewClass", "NewClass\NewClass.csproj", "{0BA4012C-1C5C-4843-94CB-1944DA0DC918}"
EndProject
Project("{FAE04EC0-301F-11D3-BF4B-00C04F79EFBC}") = "Project", "Project\Project.csproj", "{A3777C8C-998A-4D43-8D59-A802F639DA8C}"
EndProject
Project("{FAE04EC0-301F-11D3-BF4B-00C04F79EFBC}") = "FS", "FS\FS.csproj", "{8062248C-F65A-433F-8070-7C8BF18A1674}"
EndProject
Global
	GlobalSection(SolutionConfigurationPlatforms) = preSolution
		Debug|Any CPU = Debug|Any CPU
		Release|Any CPU = Release|Any CPU
	EndGlobalSection
	GlobalSection(ProjectConfigurationPlatforms) = postSolution
		{F06029CA-20F7-4509-A1CF-B78080A3E25B}.Debug|Any CPU.ActiveCfg = Debug|Any CPU
		{F06029CA-20F7-4509-A1CF-B78080A3E25B}.Debug|Any CPU.Build.0 = Debug|Any CPU
		{F06029CA-20F7-4509-A1CF-B78080A3E25B}.Release|Any CPU.ActiveCfg = Release|Any CPU
		{F06029CA-20F7-4509-A1CF-B78080A3E25B}.Release|Any CPU.Build.0 = Release|Any CPU
		{0BA4012C-1C5C-4843-94CB-1944DA0DC918}.Debug|Any CPU.ActiveCfg = Debug|Any CPU
		{0BA4012C-1C5C-4843-94CB-1944DA0DC918}.Debug|Any CPU.Build.0 = Debug|Any CPU
		{0BA4012C-1C5C-4843-94CB-1944DA0DC918}.Release|Any CPU.ActiveCfg = Release|Any CPU
		{0BA4012C-1C5C-4843-94CB-1944DA0DC918}.Release|Any CPU.Build.0 = Release|Any CPU
		{A3777C8C-998A-4D43-8D59-A802F639DA8C}.Debug|Any CPU.ActiveCfg = Debug|Any CPU
		{A3777C8C-998A-4D43-8D59-A802F639DA8C}.Debug|Any CPU.Build.0 = Debug|Any CPU
		{A3777C8C-998A-4D43-8D59-A802F639DA8C}.Release|Any CPU.ActiveCfg = Release|Any CPU
		{A3777C8C-998A-4D43-8D59-A802F639DA8C}.Release|Any CPU.Build.0 = Release|Any CPU
		{8062248C-F65A-433F-8070-7C8BF18A1674}.Debug|Any CPU.ActiveCfg = Debug|Any CPU
		{8062248C-F65A-433F-8070-7C8BF18A1674}.Debug|Any CPU.Build.0 = Debug|Any CPU
		{8062248C-F65A-433F-8070-7C8BF18A1674}.Release|Any CPU.ActiveCfg = Release|Any CPU
		{8062248C-F65A-433F-8070-7C8BF18A1674}.Release|Any CPU.Build.0 = Release|Any CPU
	EndGlobalSection
	GlobalSection(SolutionProperties) = preSolution
		HideSolutionNode = FALSE
	EndGlobalSection
	GlobalSection(ExtensibilityGlobals) = postSolution
		SolutionGuid = {F934D023-7627-47ED-9FF6-57DF8B813BAD}
	EndGlobalSection
EndGlobal
