
Microsoft Visual Studio Solution File, Format Version 12.00
# Visual Studio Version 16
VisualStudioVersion = 16.0.30128.74
MinimumVisualStudioVersion = 10.0.40219.1
Project("{FAE04EC0-301F-11D3-BF4B-00C04F79EFBC}") = "CodeFirstDemo", "CodeFirstDemo\CodeFirstDemo.csproj", "{FCCFA146-A483-4F83-B189-3E0D441357E1}"
EndProject
Global
	GlobalSection(SolutionConfigurationPlatforms) = preSolution
		Debug|Any CPU = Debug|Any CPU
		Release|Any CPU = Release|Any CPU
	EndGlobalSection
	GlobalSection(ProjectConfigurationPlatforms) = postSolution
		{FCCFA146-A483-4F83-B189-3E0D441357E1}.Debug|Any CPU.ActiveCfg = Debug|Any CPU
		{FCCFA146-A483-4F83-B189-3E0D441357E1}.Debug|Any CPU.Build.0 = Debug|Any CPU
		{FCCFA146-A483-4F83-B189-3E0D441357E1}.Release|Any CPU.ActiveCfg = Release|Any CPU
		{FCCFA146-A483-4F83-B189-3E0D441357E1}.Release|Any CPU.Build.0 = Release|Any CPU
	EndGlobalSection
	GlobalSection(SolutionProperties) = preSolution
		HideSolutionNode = FALSE
	EndGlobalSection
	GlobalSection(ExtensibilityGlobals) = postSolution
		SolutionGuid = {06460551-CF76-42E3-AD4E-671FF2D871C7}
	EndGlobalSection
EndGlobal
