
Microsoft Visual Studio Solution File, Format Version 12.00
# Visual Studio Version 16
VisualStudioVersion = 16.0.30011.22
MinimumVisualStudioVersion = 10.0.40219.1
Project("{FAE04EC0-301F-11D3-BF4B-00C04F79EFBC}") = "ConsoleApplication1", "ConsoleApplication1\ConsoleApplication1.csproj", "{A586F8FD-6F7E-4EC0-8E9A-C95240DC2062}"
EndProject
Global
	GlobalSection(SolutionConfigurationPlatforms) = preSolution
		Debug|Any CPU = Debug|Any CPU
		Release|Any CPU = Release|Any CPU
	EndGlobalSection
	GlobalSection(ProjectConfigurationPlatforms) = postSolution
		{A586F8FD-6F7E-4EC0-8E9A-C95240DC2062}.Debug|Any CPU.ActiveCfg = Debug|Any CPU
		{A586F8FD-6F7E-4EC0-8E9A-C95240DC2062}.Debug|Any CPU.Build.0 = Debug|Any CPU
		{A586F8FD-6F7E-4EC0-8E9A-C95240DC2062}.Release|Any CPU.ActiveCfg = Release|Any CPU
		{A586F8FD-6F7E-4EC0-8E9A-C95240DC2062}.Release|Any CPU.Build.0 = Release|Any CPU
	EndGlobalSection
	GlobalSection(SolutionProperties) = preSolution
		HideSolutionNode = FALSE
	EndGlobalSection
	GlobalSection(ExtensibilityGlobals) = postSolution
		SolutionGuid = {F0D62E59-6267-4EAF-B4F4-C6B1BC4D6A2E}
	EndGlobalSection
EndGlobal
