
Microsoft Visual Studio Solution File, Format Version 12.00
# Visual Studio Version 16
VisualStudioVersion = 16.0.30128.74
MinimumVisualStudioVersion = 10.0.40219.1
Project("{FAE04EC0-301F-11D3-BF4B-00C04F79EFBC}") = "CodeFirstMovie", "CodeFirstMovie\CodeFirstMovie.csproj", "{8BD68252-D055-4908-AF35-0D48EED328E1}"
EndProject
Global
	GlobalSection(SolutionConfigurationPlatforms) = preSolution
		Debug|Any CPU = Debug|Any CPU
		Release|Any CPU = Release|Any CPU
	EndGlobalSection
	GlobalSection(ProjectConfigurationPlatforms) = postSolution
		{8BD68252-D055-4908-AF35-0D48EED328E1}.Debug|Any CPU.ActiveCfg = Debug|Any CPU
		{8BD68252-D055-4908-AF35-0D48EED328E1}.Debug|Any CPU.Build.0 = Debug|Any CPU
		{8BD68252-D055-4908-AF35-0D48EED328E1}.Release|Any CPU.ActiveCfg = Release|Any CPU
		{8BD68252-D055-4908-AF35-0D48EED328E1}.Release|Any CPU.Build.0 = Release|Any CPU
	EndGlobalSection
	GlobalSection(SolutionProperties) = preSolution
		HideSolutionNode = FALSE
	EndGlobalSection
	GlobalSection(ExtensibilityGlobals) = postSolution
		SolutionGuid = {6F9A456F-46D3-4F0E-A53F-11838AEA96D0}
	EndGlobalSection
EndGlobal
